// !$*UTF8*$!
{
	archiveVersion = 1;
	classes = {
	};
	objectVersion = 46;
	objects = {

/* Begin PBXBuildFile section */
		B53F6FCA1D92FAAD00669D33 /* main.m in Sources */ = {isa = PBXBuildFile; fileRef = B53F6FC91D92FAAD00669D33 /* main.m */; };
		B53F6FCD1D92FAAD00669D33 /* AppDelegate.m in Sources */ = {isa = PBXBuildFile; fileRef = B53F6FCC1D92FAAD00669D33 /* AppDelegate.m */; };
		B53F6FD01D92FAAD00669D33 /* GitHubProfiles.xcdatamodeld in Sources */ = {isa = PBXBuildFile; fileRef = B53F6FCE1D92FAAD00669D33 /* GitHubProfiles.xcdatamodeld */; };
		B53F6FD31D92FAAD00669D33 /* MasterViewController.m in Sources */ = {isa = PBXBuildFile; fileRef = B53F6FD21D92FAAD00669D33 /* MasterViewController.m */; };
		B53F6FD61D92FAAD00669D33 /* DetailViewController.m in Sources */ = {isa = PBXBuildFile; fileRef = B53F6FD51D92FAAD00669D33 /* DetailViewController.m */; };
		B53F6FD91D92FAAD00669D33 /* Main.storyboard in Resources */ = {isa = PBXBuildFile; fileRef = B53F6FD71D92FAAD00669D33 /* Main.storyboard */; };
		B53F6FDB1D92FAAD00669D33 /* Assets.xcassets in Resources */ = {isa = PBXBuildFile; fileRef = B53F6FDA1D92FAAD00669D33 /* Assets.xcassets */; };
		B53F6FDE1D92FAAD00669D33 /* LaunchScreen.storyboard in Resources */ = {isa = PBXBuildFile; fileRef = B53F6FDC1D92FAAD00669D33 /* LaunchScreen.storyboard */; };
		B53F6FE91D92FAAD00669D33 /* GitHubProfilesTests.m in Sources */ = {isa = PBXBuildFile; fileRef = B53F6FE81D92FAAD00669D33 /* GitHubProfilesTests.m */; };
		B53F6FF41D92FAAD00669D33 /* GitHubProfilesUITests.m in Sources */ = {isa = PBXBuildFile; fileRef = B53F6FF31D92FAAD00669D33 /* GitHubProfilesUITests.m */; };
		B5FA94941D941571003D2538 /* SearchViewController.m in Sources */ = {isa = PBXBuildFile; fileRef = B5FA94931D941571003D2538 /* SearchViewController.m */; };
		CB1DA221C0AA2A27D80C9963 /* libPods-GitHubProfiles.a in Frameworks */ = {isa = PBXBuildFile; fileRef = 9012E914EB5A66B23B89211B /* libPods-GitHubProfiles.a */; };
/* End PBXBuildFile section */

/* Begin PBXContainerItemProxy section */
		B53F6FE51D92FAAD00669D33 /* PBXContainerItemProxy */ = {
			isa = PBXContainerItemProxy;
			containerPortal = B53F6FBD1D92FAAD00669D33 /* Project object */;
			proxyType = 1;
			remoteGlobalIDString = B53F6FC41D92FAAD00669D33;
			remoteInfo = GitHubProfiles;
		};
		B53F6FF01D92FAAD00669D33 /* PBXContainerItemProxy */ = {
			isa = PBXContainerItemProxy;
			containerPortal = B53F6FBD1D92FAAD00669D33 /* Project object */;
			proxyType = 1;
			remoteGlobalIDString = B53F6FC41D92FAAD00669D33;
			remoteInfo = GitHubProfiles;
		};
/* End PBXContainerItemProxy section */

/* Begin PBXFileReference section */
		0F56DE7B7390A5E54906ABCC /* Pods-GitHubProfiles.release.xcconfig */ = {isa = PBXFileReference; includeInIndex = 1; lastKnownFileType = text.xcconfig; name = "Pods-GitHubProfiles.release.xcconfig"; path = "Pods/Target Support Files/Pods-GitHubProfiles/Pods-GitHubProfiles.release.xcconfig"; sourceTree = "<group>"; };
		38B7819702CE232CBBE5B793 /* Pods-GitHubProfiles.debug.xcconfig */ = {isa = PBXFileReference; includeInIndex = 1; lastKnownFileType = text.xcconfig; name = "Pods-GitHubProfiles.debug.xcconfig"; path = "Pods/Target Support Files/Pods-GitHubProfiles/Pods-GitHubProfiles.debug.xcconfig"; sourceTree = "<group>"; };
		9012E914EB5A66B23B89211B /* libPods-GitHubProfiles.a */ = {isa = PBXFileReference; explicitFileType = archive.ar; includeInIndex = 0; path = "libPods-GitHubProfiles.a"; sourceTree = BUILT_PRODUCTS_DIR; };
		B53F6FC51D92FAAD00669D33 /* GitHubProfiles.app */ = {isa = PBXFileReference; explicitFileType = wrapper.application; includeInIndex = 0; path = GitHubProfiles.app; sourceTree = BUILT_PRODUCTS_DIR; };
		B53F6FC91D92FAAD00669D33 /* main.m */ = {isa = PBXFileReference; lastKnownFileType = sourcecode.c.objc; path = main.m; sourceTree = "<group>"; };
		B53F6FCB1D92FAAD00669D33 /* AppDelegate.h */ = {isa = PBXFileReference; lastKnownFileType = sourcecode.c.h; path = AppDelegate.h; sourceTree = "<group>"; };
		B53F6FCC1D92FAAD00669D33 /* AppDelegate.m */ = {isa = PBXFileReference; lastKnownFileType = sourcecode.c.objc; path = AppDelegate.m; sourceTree = "<group>"; };
		B53F6FCF1D92FAAD00669D33 /* GitHubProfiles.xcdatamodel */ = {isa = PBXFileReference; lastKnownFileType = wrapper.xcdatamodel; path = GitHubProfiles.xcdatamodel; sourceTree = "<group>"; };
		B53F6FD11D92FAAD00669D33 /* MasterViewController.h */ = {isa = PBXFileReference; lastKnownFileType = sourcecode.c.h; path = MasterViewController.h; sourceTree = "<group>"; };
		B53F6FD21D92FAAD00669D33 /* MasterViewController.m */ = {isa = PBXFileReference; lastKnownFileType = sourcecode.c.objc; path = MasterViewController.m; sourceTree = "<group>"; };
		B53F6FD41D92FAAD00669D33 /* DetailViewController.h */ = {isa = PBXFileReference; lastKnownFileType = sourcecode.c.h; path = DetailViewController.h; sourceTree = "<group>"; };
		B53F6FD51D92FAAD00669D33 /* DetailViewController.m */ = {isa = PBXFileReference; lastKnownFileType = sourcecode.c.objc; path = DetailViewController.m; sourceTree = "<group>"; };
		B53F6FD81D92FAAD00669D33 /* Base */ = {isa = PBXFileReference; lastKnownFileType = file.storyboard; name = Base; path = Base.lproj/Main.storyboard; sourceTree = "<group>"; };
		B53F6FDA1D92FAAD00669D33 /* Assets.xcassets */ = {isa = PBXFileReference; lastKnownFileType = folder.assetcatalog; path = Assets.xcassets; sourceTree = "<group>"; };
		B53F6FDD1D92FAAD00669D33 /* Base */ = {isa = PBXFileReference; lastKnownFileType = file.storyboard; name = Base; path = Base.lproj/LaunchScreen.storyboard; sourceTree = "<group>"; };
		B53F6FDF1D92FAAD00669D33 /* Info.plist */ = {isa = PBXFileReference; lastKnownFileType = text.plist.xml; path = Info.plist; sourceTree = "<group>"; };
		B53F6FE41D92FAAD00669D33 /* GitHubProfilesTests.xctest */ = {isa = PBXFileReference; explicitFileType = wrapper.cfbundle; includeInIndex = 0; path = GitHubProfilesTests.xctest; sourceTree = BUILT_PRODUCTS_DIR; };
		B53F6FE81D92FAAD00669D33 /* GitHubProfilesTests.m */ = {isa = PBXFileReference; lastKnownFileType = sourcecode.c.objc; path = GitHubProfilesTests.m; sourceTree = "<group>"; };
		B53F6FEA1D92FAAD00669D33 /* Info.plist */ = {isa = PBXFileReference; lastKnownFileType = text.plist.xml; path = Info.plist; sourceTree = "<group>"; };
		B53F6FEF1D92FAAD00669D33 /* GitHubProfilesUITests.xctest */ = {isa = PBXFileReference; explicitFileType = wrapper.cfbundle; includeInIndex = 0; path = GitHubProfilesUITests.xctest; sourceTree = BUILT_PRODUCTS_DIR; };
		B53F6FF31D92FAAD00669D33 /* GitHubProfilesUITests.m */ = {isa = PBXFileReference; lastKnownFileType = sourcecode.c.objc; path = GitHubProfilesUITests.m; sourceTree = "<group>"; };
		B53F6FF51D92FAAD00669D33 /* Info.plist */ = {isa = PBXFileReference; lastKnownFileType = text.plist.xml; path = Info.plist; sourceTree = "<group>"; };
		B5FA94921D941571003D2538 /* SearchViewController.h */ = {isa = PBXFileReference; fileEncoding = 4; lastKnownFileType = sourcecode.c.h; path = SearchViewController.h; sourceTree = "<group>"; };
		B5FA94931D941571003D2538 /* SearchViewController.m */ = {isa = PBXFileReference; fileEncoding = 4; lastKnownFileType = sourcecode.c.objc; path = SearchViewController.m; sourceTree = "<group>"; };
/* End PBXFileReference section */

/* Begin PBXFrameworksBuildPhase section */
		B53F6FC21D92FAAD00669D33 /* Frameworks */ = {
			isa = PBXFrameworksBuildPhase;
			buildActionMask = 2147483647;
			files = (
				CB1DA221C0AA2A27D80C9963 /* libPods-GitHubProfiles.a in Frameworks */,
			);
			runOnlyForDeploymentPostprocessing = 0;
		};
		B53F6FE11D92FAAD00669D33 /* Frameworks */ = {
			isa = PBXFrameworksBuildPhase;
			buildActionMask = 2147483647;
			files = (
			);
			runOnlyForDeploymentPostprocessing = 0;
		};
		B53F6FEC1D92FAAD00669D33 /* Frameworks */ = {
			isa = PBXFrameworksBuildPhase;
			buildActionMask = 2147483647;
			files = (
			);
			runOnlyForDeploymentPostprocessing = 0;
		};
/* End PBXFrameworksBuildPhase section */

/* Begin PBXGroup section */
		080D67C13DAA1136B562546B /* Pods */ = {
			isa = PBXGroup;
			children = (
				38B7819702CE232CBBE5B793 /* Pods-GitHubProfiles.debug.xcconfig */,
				0F56DE7B7390A5E54906ABCC /* Pods-GitHubProfiles.release.xcconfig */,
			);
			name = Pods;
			sourceTree = "<group>";
		};
		82D040AA3D6AC05DB585826A /* Frameworks */ = {
			isa = PBXGroup;
			children = (
				9012E914EB5A66B23B89211B /* libPods-GitHubProfiles.a */,
			);
			name = Frameworks;
			sourceTree = "<group>";
		};
		B53F6FBC1D92FAAD00669D33 = {
			isa = PBXGroup;
			children = (
				B53F6FC71D92FAAD00669D33 /* GitHubProfiles */,
				B53F6FE71D92FAAD00669D33 /* GitHubProfilesTests */,
				B53F6FF21D92FAAD00669D33 /* GitHubProfilesUITests */,
				B53F6FC61D92FAAD00669D33 /* Products */,
				080D67C13DAA1136B562546B /* Pods */,
				82D040AA3D6AC05DB585826A /* Frameworks */,
			);
			sourceTree = "<group>";
		};
		B53F6FC61D92FAAD00669D33 /* Products */ = {
			isa = PBXGroup;
			children = (
				B53F6FC51D92FAAD00669D33 /* GitHubProfiles.app */,
				B53F6FE41D92FAAD00669D33 /* GitHubProfilesTests.xctest */,
				B53F6FEF1D92FAAD00669D33 /* GitHubProfilesUITests.xctest */,
			);
			name = Products;
			sourceTree = "<group>";
		};
		B53F6FC71D92FAAD00669D33 /* GitHubProfiles */ = {
			isa = PBXGroup;
			children = (
				B53F6FCB1D92FAAD00669D33 /* AppDelegate.h */,
				B53F6FCC1D92FAAD00669D33 /* AppDelegate.m */,
				B53F6FD11D92FAAD00669D33 /* MasterViewController.h */,
				B53F6FD21D92FAAD00669D33 /* MasterViewController.m */,
				B53F6FD41D92FAAD00669D33 /* DetailViewController.h */,
				B53F6FD51D92FAAD00669D33 /* DetailViewController.m */,
				B5FA94921D941571003D2538 /* SearchViewController.h */,
				B5FA94931D941571003D2538 /* SearchViewController.m */,
				B53F6FD71D92FAAD00669D33 /* Main.storyboard */,
				B53F6FDA1D92FAAD00669D33 /* Assets.xcassets */,
				B53F6FDC1D92FAAD00669D33 /* LaunchScreen.storyboard */,
				B53F6FDF1D92FAAD00669D33 /* Info.plist */,
				B53F6FCE1D92FAAD00669D33 /* GitHubProfiles.xcdatamodeld */,
				B53F6FC81D92FAAD00669D33 /* Supporting Files */,
			);
			path = GitHubProfiles;
			sourceTree = "<group>";
		};
		B53F6FC81D92FAAD00669D33 /* Supporting Files */ = {
			isa = PBXGroup;
			children = (
				B53F6FC91D92FAAD00669D33 /* main.m */,
			);
			name = "Supporting Files";
			sourceTree = "<group>";
		};
		B53F6FE71D92FAAD00669D33 /* GitHubProfilesTests */ = {
			isa = PBXGroup;
			children = (
				B53F6FE81D92FAAD00669D33 /* GitHubProfilesTests.m */,
				B53F6FEA1D92FAAD00669D33 /* Info.plist */,
			);
			path = GitHubProfilesTests;
			sourceTree = "<group>";
		};
		B53F6FF21D92FAAD00669D33 /* GitHubProfilesUITests */ = {
			isa = PBXGroup;
			children = (
				B53F6FF31D92FAAD00669D33 /* GitHubProfilesUITests.m */,
				B53F6FF51D92FAAD00669D33 /* Info.plist */,
			);
			path = GitHubProfilesUITests;
			sourceTree = "<group>";
		};
/* End PBXGroup section */

/* Begin PBXNativeTarget section */
		B53F6FC41D92FAAD00669D33 /* GitHubProfiles */ = {
			isa = PBXNativeTarget;
			buildConfigurationList = B53F6FF81D92FAAD00669D33 /* Build configuration list for PBXNativeTarget "GitHubProfiles" */;
			buildPhases = (
				6BCDFA17249EEBCD22BB74D5 /* [CP] Check Pods Manifest.lock */,
				B53F6FC11D92FAAD00669D33 /* Sources */,
				B53F6FC21D92FAAD00669D33 /* Frameworks */,
				B53F6FC31D92FAAD00669D33 /* Resources */,
				A1DD9E001EE699392415DF2D /* [CP] Embed Pods Frameworks */,
				243397BC5219363D5A6C628E /* [CP] Copy Pods Resources */,
			);
			buildRules = (
			);
			dependencies = (
			);
			name = GitHubProfiles;
			productName = GitHubProfiles;
			productReference = B53F6FC51D92FAAD00669D33 /* GitHubProfiles.app */;
			productType = "com.apple.product-type.application";
		};
		B53F6FE31D92FAAD00669D33 /* GitHubProfilesTests */ = {
			isa = PBXNativeTarget;
			buildConfigurationList = B53F6FFB1D92FAAD00669D33 /* Build configuration list for PBXNativeTarget "GitHubProfilesTests" */;
			buildPhases = (
				B53F6FE01D92FAAD00669D33 /* Sources */,
				B53F6FE11D92FAAD00669D33 /* Frameworks */,
				B53F6FE21D92FAAD00669D33 /* Resources */,
			);
			buildRules = (
			);
			dependencies = (
				B53F6FE61D92FAAD00669D33 /* PBXTargetDependency */,
			);
			name = GitHubProfilesTests;
			productName = GitHubProfilesTests;
			productReference = B53F6FE41D92FAAD00669D33 /* GitHubProfilesTests.xctest */;
			productType = "com.apple.product-type.bundle.unit-test";
		};
		B53F6FEE1D92FAAD00669D33 /* GitHubProfilesUITests */ = {
			isa = PBXNativeTarget;
			buildConfigurationList = B53F6FFE1D92FAAD00669D33 /* Build configuration list for PBXNativeTarget "GitHubProfilesUITests" */;
			buildPhases = (
				B53F6FEB1D92FAAD00669D33 /* Sources */,
				B53F6FEC1D92FAAD00669D33 /* Frameworks */,
				B53F6FED1D92FAAD00669D33 /* Resources */,
			);
			buildRules = (
			);
			dependencies = (
				B53F6FF11D92FAAD00669D33 /* PBXTargetDependency */,
			);
			name = GitHubProfilesUITests;
			productName = GitHubProfilesUITests;
			productReference = B53F6FEF1D92FAAD00669D33 /* GitHubProfilesUITests.xctest */;
			productType = "com.apple.product-type.bundle.ui-testing";
		};
/* End PBXNativeTarget section */

/* Begin PBXProject section */
		B53F6FBD1D92FAAD00669D33 /* Project object */ = {
			isa = PBXProject;
			attributes = {
				LastUpgradeCheck = 0730;
				ORGANIZATIONNAME = "Grzegorz Maciak";
				TargetAttributes = {
					B53F6FC41D92FAAD00669D33 = {
						CreatedOnToolsVersion = 7.3;
					};
					B53F6FE31D92FAAD00669D33 = {
						CreatedOnToolsVersion = 7.3;
						TestTargetID = B53F6FC41D92FAAD00669D33;
					};
					B53F6FEE1D92FAAD00669D33 = {
						CreatedOnToolsVersion = 7.3;
						TestTargetID = B53F6FC41D92FAAD00669D33;
					};
				};
			};
			buildConfigurationList = B53F6FC01D92FAAD00669D33 /* Build configuration list for PBXProject "GitHubProfiles" */;
			compatibilityVersion = "Xcode 3.2";
			developmentRegion = English;
			hasScannedForEncodings = 0;
			knownRegions = (
				en,
				Base,
			);
			mainGroup = B53F6FBC1D92FAAD00669D33;
			productRefGroup = B53F6FC61D92FAAD00669D33 /* Products */;
			projectDirPath = "";
			projectRoot = "";
			targets = (
				B53F6FC41D92FAAD00669D33 /* GitHubProfiles */,
				B53F6FE31D92FAAD00669D33 /* GitHubProfilesTests */,
				B53F6FEE1D92FAAD00669D33 /* GitHubProfilesUITests */,
			);
		};
/* End PBXProject section */

/* Begin PBXResourcesBuildPhase section */
		B53F6FC31D92FAAD00669D33 /* Resources */ = {
			isa = PBXResourcesBuildPhase;
			buildActionMask = 2147483647;
			files = (
				B53F6FDE1D92FAAD00669D33 /* LaunchScreen.storyboard in Resources */,
				B53F6FDB1D92FAAD00669D33 /* Assets.xcassets in Resources */,
				B53F6FD91D92FAAD00669D33 /* Main.storyboard in Resources */,
			);
			runOnlyForDeploymentPostprocessing = 0;
		};
		B53F6FE21D92FAAD00669D33 /* Resources */ = {
			isa = PBXResourcesBuildPhase;
			buildActionMask = 2147483647;
			files = (
			);
			runOnlyForDeploymentPostprocessing = 0;
		};
		B53F6FED1D92FAAD00669D33 /* Resources */ = {
			isa = PBXResourcesBuildPhase;
			buildActionMask = 2147483647;
			files = (
			);
			runOnlyForDeploymentPostprocessing = 0;
		};
/* End PBXResourcesBuildPhase section */

/* Begin PBXShellScriptBuildPhase section */
		243397BC5219363D5A6C628E /* [CP] Copy Pods Resources */ = {
			isa = PBXShellScriptBuildPhase;
			buildActionMask = 2147483647;
			files = (
			);
			inputPaths = (
			);
			name = "[CP] Copy Pods Resources";
			outputPaths = (
			);
			runOnlyForDeploymentPostprocessing = 0;
			shellPath = /bin/sh;
			shellScript = "\"${SRCROOT}/Pods/Target Support Files/Pods-GitHubProfiles/Pods-GitHubProfiles-resources.sh\"\n";
			showEnvVarsInLog = 0;
		};
		6BCDFA17249EEBCD22BB74D5 /* [CP] Check Pods Manifest.lock */ = {
			isa = PBXShellScriptBuildPhase;
			buildActionMask = 2147483647;
			files = (
			);
			inputPaths = (
			);
			name = "[CP] Check Pods Manifest.lock";
			outputPaths = (
			);
			runOnlyForDeploymentPostprocessing = 0;
			shellPath = /bin/sh;
			shellScript = "diff \"${PODS_ROOT}/../Podfile.lock\" \"${PODS_ROOT}/Manifest.lock\" > /dev/null\nif [[ $? != 0 ]] ; then\n    cat << EOM\nerror: The sandbox is not in sync with the Podfile.lock. Run 'pod install' or update your CocoaPods installation.\nEOM\n    exit 1\nfi\n";
			showEnvVarsInLog = 0;
		};
		A1DD9E001EE699392415DF2D /* [CP] Embed Pods Frameworks */ = {
			isa = PBXShellScriptBuildPhase;
			buildActionMask = 2147483647;
			files = (
			);
			inputPaths = (
			);
			name = "[CP] Embed Pods Frameworks";
			outputPaths = (
			);
			runOnlyForDeploymentPostprocessing = 0;
			shellPath = /bin/sh;
			shellScript = "\"${SRCROOT}/Pods/Target Support Files/Pods-GitHubProfiles/Pods-GitHubProfiles-frameworks.sh\"\n";
			showEnvVarsInLog = 0;
		};
/* End PBXShellScriptBuildPhase section */

/* Begin PBXSourcesBuildPhase section */
		B53F6FC11D92FAAD00669D33 /* Sources */ = {
			isa = PBXSourcesBuildPhase;
			buildActionMask = 2147483647;
			files = (
				B53F6FD61D92FAAD00669D33 /* DetailViewController.m in Sources */,
				B53F6FD31D92FAAD00669D33 /* MasterViewController.m in Sources */,
				B53F6FCD1D92FAAD00669D33 /* AppDelegate.m in Sources */,
				B53F6FD01D92FAAD00669D33 /* GitHubProfiles.xcdatamodeld in Sources */,
				B5FA94941D941571003D2538 /* SearchViewController.m in Sources */,
				B53F6FCA1D92FAAD00669D33 /* main.m in Sources */,
			);
			runOnlyForDeploymentPostprocessing = 0;
		};
		B53F6FE01D92FAAD00669D33 /* Sources */ = {
			isa = PBXSourcesBuildPhase;
			buildActionMask = 2147483647;
			files = (
				B53F6FE91D92FAAD00669D33 /* GitHubProfilesTests.m in Sources */,
			);
			runOnlyForDeploymentPostprocessing = 0;
		};
		B53F6FEB1D92FAAD00669D33 /* Sources */ = {
			isa = PBXSourcesBuildPhase;
			buildActionMask = 2147483647;
			files = (
				B53F6FF41D92FAAD00669D33 /* GitHubProfilesUITests.m in Sources */,
			);
			runOnlyForDeploymentPostprocessing = 0;
		};
/* End PBXSourcesBuildPhase section */

/* Begin PBXTargetDependency section */
		B53F6FE61D92FAAD00669D33 /* PBXTargetDependency */ = {
			isa = PBXTargetDependency;
			target = B53F6FC41D92FAAD00669D33 /* GitHubProfiles */;
			targetProxy = B53F6FE51D92FAAD00669D33 /* PBXContainerItemProxy */;
		};
		B53F6FF11D92FAAD00669D33 /* PBXTargetDependency */ = {
			isa = PBXTargetDependency;
			target = B53F6FC41D92FAAD00669D33 /* GitHubProfiles */;
			targetProxy = B53F6FF01D92FAAD00669D33 /* PBXContainerItemProxy */;
		};
/* End PBXTargetDependency section */

/* Begin PBXVariantGroup section */
		B53F6FD71D92FAAD00669D33 /* Main.storyboard */ = {
			isa = PBXVariantGroup;
			children = (
				B53F6FD81D92FAAD00669D33 /* Base */,
			);
			name = Main.storyboard;
			sourceTree = "<group>";
		};
		B53F6FDC1D92FAAD00669D33 /* LaunchScreen.storyboard */ = {
			isa = PBXVariantGroup;
			children = (
				B53F6FDD1D92FAAD00669D33 /* Base */,
			);
			name = LaunchScreen.storyboard;
			sourceTree = "<group>";
		};
/* End PBXVariantGroup section */

/* Begin XCBuildConfiguration section */
		B53F6FF61D92FAAD00669D33 /* Debug */ = {
			isa = XCBuildConfiguration;
			buildSettings = {
				ALWAYS_SEARCH_USER_PATHS = NO;
				CLANG_ANALYZER_NONNULL = YES;
				CLANG_CXX_LANGUAGE_STANDARD = "gnu++0x";
				CLANG_CXX_LIBRARY = "libc++";
				CLANG_ENABLE_MODULES = YES;
				CLANG_ENABLE_OBJC_ARC = YES;
				CLANG_WARN_BOOL_CONVERSION = YES;
				CLANG_WARN_CONSTANT_CONVERSION = YES;
				CLANG_WARN_DIRECT_OBJC_ISA_USAGE = YES_ERROR;
				CLANG_WARN_EMPTY_BODY = YES;
				CLANG_WARN_ENUM_CONVERSION = YES;
				CLANG_WARN_INT_CONVERSION = YES;
				CLANG_WARN_OBJC_ROOT_CLASS = YES_ERROR;
				CLANG_WARN_UNREACHABLE_CODE = YES;
				CLANG_WARN__DUPLICATE_METHOD_MATCH = YES;
				"CODE_SIGN_IDENTITY[sdk=iphoneos*]" = "iPhone Developer";
				COPY_PHASE_STRIP = NO;
				DEBUG_INFORMATION_FORMAT = dwarf;
				ENABLE_STRICT_OBJC_MSGSEND = YES;
				ENABLE_TESTABILITY = YES;
				GCC_C_LANGUAGE_STANDARD = gnu99;
				GCC_DYNAMIC_NO_PIC = NO;
				GCC_NO_COMMON_BLOCKS = YES;
				GCC_OPTIMIZATION_LEVEL = 0;
				GCC_PREPROCESSOR_DEFINITIONS = (
					"DEBUG=1",
					"$(inherited)",
				);
				GCC_WARN_64_TO_32_BIT_CONVERSION = YES;
				GCC_WARN_ABOUT_RETURN_TYPE = YES_ERROR;
				GCC_WARN_UNDECLARED_SELECTOR = YES;
				GCC_WARN_UNINITIALIZED_AUTOS = YES_AGGRESSIVE;
				GCC_WARN_UNUSED_FUNCTION = YES;
				GCC_WARN_UNUSED_VARIABLE = YES;
				IPHONEOS_DEPLOYMENT_TARGET = 9.3;
				MTL_ENABLE_DEBUG_INFO = YES;
				ONLY_ACTIVE_ARCH = YES;
				SDKROOT = iphoneos;
			};
			name = Debug;
		};
		B53F6FF71D92FAAD00669D33 /* Release */ = {
			isa = XCBuildConfiguration;
			buildSettings = {
				ALWAYS_SEARCH_USER_PATHS = NO;
				CLANG_ANALYZER_NONNULL = YES;
				CLANG_CXX_LANGUAGE_STANDARD = "gnu++0x";
				CLANG_CXX_LIBRARY = "libc++";
				CLANG_ENABLE_MODULES = YES;
				CLANG_ENABLE_OBJC_ARC = YES;
				CLANG_WARN_BOOL_CONVERSION = YES;
				CLANG_WARN_CONSTANT_CONVERSION = YES;
				CLANG_WARN_DIRECT_OBJC_ISA_USAGE = YES_ERROR;
				CLANG_WARN_EMPTY_BODY = YES;
				CLANG_WARN_ENUM_CONVERSION = YES;
				CLANG_WARN_INT_CONVERSION = YES;
				CLANG_WARN_OBJC_ROOT_CLASS = YES_ERROR;
				CLANG_WARN_UNREACHABLE_CODE = YES;
				CLANG_WARN__DUPLICATE_METHOD_MATCH = YES;
				"CODE_SIGN_IDENTITY[sdk=iphoneos*]" = "iPhone Developer";
				COPY_PHASE_STRIP = NO;
				DEBUG_INFORMATION_FORMAT = "dwarf-with-dsym";
				ENABLE_NS_ASSERTIONS = NO;
				ENABLE_STRICT_OBJC_MSGSEND = YES;
				GCC_C_LANGUAGE_STANDARD = gnu99;
				GCC_NO_COMMON_BLOCKS = YES;
				GCC_WARN_64_TO_32_BIT_CONVERSION = YES;
				GCC_WARN_ABOUT_RETURN_TYPE = YES_ERROR;
				GCC_WARN_UNDECLARED_SELECTOR = YES;
				GCC_WARN_UNINITIALIZED_AUTOS = YES_AGGRESSIVE;
				GCC_WARN_UNUSED_FUNCTION = YES;
				GCC_WARN_UNUSED_VARIABLE = YES;
				IPHONEOS_DEPLOYMENT_TARGET = 9.3;
				MTL_ENABLE_DEBUG_INFO = NO;
				SDKROOT = iphoneos;
				VALIDATE_PRODUCT = YES;
			};
			name = Release;
		};
		B53F6FF91D92FAAD00669D33 /* Debug */ = {
			isa = XCBuildConfiguration;
			baseConfigurationReference = 38B7819702CE232CBBE5B793 /* Pods-GitHubProfiles.debug.xcconfig */;
			buildSettings = {
				ASSETCATALOG_COMPILER_APPICON_NAME = AppIcon;
				INFOPLIST_FILE = GitHubProfiles/Info.plist;
				LD_RUNPATH_SEARCH_PATHS = "$(inherited) @executable_path/Frameworks";
				PRODUCT_BUNDLE_IDENTIFIER = prv.gm.GitHubProfiles;
				PRODUCT_NAME = "$(TARGET_NAME)";
			};
			name = Debug;
		};
		B53F6FFA1D92FAAD00669D33 /* Release */ = {
			isa = XCBuildConfiguration;
			baseConfigurationReference = 0F56DE7B7390A5E54906ABCC /* Pods-GitHubProfiles.release.xcconfig */;
			buildSettings = {
				ASSETCATALOG_COMPILER_APPICON_NAME = AppIcon;
				INFOPLIST_FILE = GitHubProfiles/Info.plist;
				LD_RUNPATH_SEARCH_PATHS = "$(inherited) @executable_path/Frameworks";
				PRODUCT_BUNDLE_IDENTIFIER = prv.gm.GitHubProfiles;
				PRODUCT_NAME = "$(TARGET_NAME)";
			};
			name = Release;
		};
		B53F6FFC1D92FAAD00669D33 /* Debug */ = {
			isa = XCBuildConfiguration;
			buildSettings = {
				BUNDLE_LOADER = "$(TEST_HOST)";
				INFOPLIST_FILE = GitHubProfilesTests/Info.plist;
				LD_RUNPATH_SEARCH_PATHS = "$(inherited) @executable_path/Frameworks @loader_path/Frameworks";
				PRODUCT_BUNDLE_IDENTIFIER = prv.gm.GitHubProfilesTests;
				PRODUCT_NAME = "$(TARGET_NAME)";
				TEST_HOST = "$(BUILT_PRODUCTS_DIR)/GitHubProfiles.app/GitHubProfiles";
			};
			name = Debug;
		};
		B53F6FFD1D92FAAD00669D33 /* Release */ = {
			isa = XCBuildConfiguration;
			buildSettings = {
				BUNDLE_LOADER = "$(TEST_HOST)";
				INFOPLIST_FILE = GitHubProfilesTests/Info.plist;
				LD_RUNPATH_SEARCH_PATHS = "$(inherited) @executable_path/Frameworks @loader_path/Frameworks";
				PRODUCT_BUNDLE_IDENTIFIER = prv.gm.GitHubProfilesTests;
				PRODUCT_NAME = "$(TARGET_NAME)";
				TEST_HOST = "$(BUILT_PRODUCTS_DIR)/GitHubProfiles.app/GitHubProfiles";
			};
			name = Release;
		};
		B53F6FFF1D92FAAD00669D33 /* Debug */ = {
			isa = XCBuildConfiguration;
			buildSettings = {
				INFOPLIST_FILE = GitHubProfilesUITests/Info.plist;
				LD_RUNPATH_SEARCH_PATHS = "$(inherited) @executable_path/Frameworks @loader_path/Frameworks";
				PRODUCT_BUNDLE_IDENTIFIER = prv.gm.GitHubProfilesUITests;
				PRODUCT_NAME = "$(TARGET_NAME)";
				TEST_TARGET_NAME = GitHubProfiles;
			};
			name = Debug;
		};
		B53F70001D92FAAD00669D33 /* Release */ = {
			isa = XCBuildConfiguration;
			buildSettings = {
				INFOPLIST_FILE = GitHubProfilesUITests/Info.plist;
				LD_RUNPATH_SEARCH_PATHS = "$(inherited) @executable_path/Frameworks @loader_path/Frameworks";
				PRODUCT_BUNDLE_IDENTIFIER = prv.gm.GitHubProfilesUITests;
				PRODUCT_NAME = "$(TARGET_NAME)";
				TEST_TARGET_NAME = GitHubProfiles;
			};
			name = Release;
		};
/* End XCBuildConfiguration section */

/* Begin XCConfigurationList section */
		B53F6FC01D92FAAD00669D33 /* Build configuration list for PBXProject "GitHubProfiles" */ = {
			isa = XCConfigurationList;
			buildConfigurations = (
				B53F6FF61D92FAAD00669D33 /* Debug */,
				B53F6FF71D92FAAD00669D33 /* Release */,
			);
			defaultConfigurationIsVisible = 0;
			defaultConfigurationName = Release;
		};
		B53F6FF81D92FAAD00669D33 /* Build configuration list for PBXNativeTarget "GitHubProfiles" */ = {
			isa = XCConfigurationList;
			buildConfigurations = (
				B53F6FF91D92FAAD00669D33 /* Debug */,
				B53F6FFA1D92FAAD00669D33 /* Release */,
			);
			defaultConfigurationIsVisible = 0;
			defaultConfigurationName = Release;
		};
		B53F6FFB1D92FAAD00669D33 /* Build configuration list for PBXNativeTarget "GitHubProfilesTests" */ = {
			isa = XCConfigurationList;
			buildConfigurations = (
				B53F6FFC1D92FAAD00669D33 /* Debug */,
				B53F6FFD1D92FAAD00669D33 /* Release */,
			);
			defaultConfigurationIsVisible = 0;
			defaultConfigurationName = Release;
		};
		B53F6FFE1D92FAAD00669D33 /* Build configuration list for PBXNativeTarget "GitHubProfilesUITests" */ = {
			isa = XCConfigurationList;
			buildConfigurations = (
				B53F6FFF1D92FAAD00669D33 /* Debug */,
				B53F70001D92FAAD00669D33 /* Release */,
			);
			defaultConfigurationIsVisible = 0;
			defaultConfigurationName = Release;
		};
/* End XCConfigurationList section */

/* Begin XCVersionGroup section */
		B53F6FCE1D92FAAD00669D33 /* GitHubProfiles.xcdatamodeld */ = {
			isa = XCVersionGroup;
			children = (
				B53F6FCF1D92FAAD00669D33 /* GitHubProfiles.xcdatamodel */,
			);
			currentVersion = B53F6FCF1D92FAAD00669D33 /* GitHubProfiles.xcdatamodel */;
			path = GitHubProfiles.xcdatamodeld;
			sourceTree = "<group>";
			versionGroupType = wrapper.xcdatamodel;
		};
/* End XCVersionGroup section */
	};
	rootObject = B53F6FBD1D92FAAD00669D33 /* Project object */;
}
